
Microsoft Visual Studio Solution File, Format Version 12.00
Project("{FAE04EC0-301F-11D3-BF4B-00C04F79EFBC}") = "WPRRewrite2", "WPRRewrite2.csproj", "{B94D3D5D-4F7B-4887-896C-2FE362FC8F99}"
EndProject
Project("{FAE04EC0-301F-11D3-BF4B-00C04F79EFBC}") = "WPRRewrite2.Tests", "WPRRewrite2.Tests\WPRRewrite2.Tests.csproj", "{7563C86D-FED8-4770-987E-1858B07338FC}"
EndProject
Global
	GlobalSection(SolutionConfigurationPlatforms) = preSolution
		Debug|Any CPU = Debug|Any CPU
		Release|Any CPU = Release|Any CPU
	EndGlobalSection
	GlobalSection(ProjectConfigurationPlatforms) = postSolution
		{B94D3D5D-4F7B-4887-896C-2FE362FC8F99}.Debug|Any CPU.ActiveCfg = Debug|Any CPU
		{B94D3D5D-4F7B-4887-896C-2FE362FC8F99}.Debug|Any CPU.Build.0 = Debug|Any CPU
		{B94D3D5D-4F7B-4887-896C-2FE362FC8F99}.Release|Any CPU.ActiveCfg = Release|Any CPU
		{B94D3D5D-4F7B-4887-896C-2FE362FC8F99}.Release|Any CPU.Build.0 = Release|Any CPU
		{7563C86D-FED8-4770-987E-1858B07338FC}.Debug|Any CPU.ActiveCfg = Debug|Any CPU
		{7563C86D-FED8-4770-987E-1858B07338FC}.Debug|Any CPU.Build.0 = Debug|Any CPU
		{7563C86D-FED8-4770-987E-1858B07338FC}.Release|Any CPU.ActiveCfg = Release|Any CPU
		{7563C86D-FED8-4770-987E-1858B07338FC}.Release|Any CPU.Build.0 = Release|Any CPU
	EndGlobalSection
EndGlobal
